{
  "name": "@bluehalo/ngx-leaflet",
  "version": "21.0.0",
  "lockfileVersion": 3,
  "requires": true,
  "packages": {
    "": {
      "name": "@bluehalo/ngx-leaflet",
      "version": "21.0.0",
      "license": "MIT",
      "dependencies": {
        "tslib": "^2.8.0"
      },
      "peerDependencies": {
        "@angular/common": "21",
        "@angular/core": "21",
        "leaflet": "1"
      }
    },
    "node_modules/@angular/common": {
      "version": "21.0.1",
      "resolved": "https://registry.npmjs.org/@angular/common/-/common-21.0.1.tgz",
      "integrity": "sha512-EqdTGpFp7PVdTVztO7TB6+QxdzUbYXKKT2jwG2Gg+PIQZ2A8XrLPRmGXyH/DLlc5IhnoJlLbngmBRCLCO4xWog==",
      "license": "MIT",
      "peer": true,
      "dependencies": {
        "tslib": "^2.3.0"
      },
      "engines": {
        "node": "^20.19.0 || ^22.12.0 || >=24.0.0"
      },
      "peerDependencies": {
        "@angular/core": "21.0.1",
        "rxjs": "^6.5.3 || ^7.4.0"
      }
    },
    "node_modules/@angular/core": {
      "version": "21.0.1",
      "resolved": "https://registry.npmjs.org/@angular/core/-/core-21.0.1.tgz",
      "integrity": "sha512-z0G9Bwzgqr0fQVbtMgqwl+SbbiqtJD7I2xT6U5p45LetKHojcfigH29dxi/vqALPwEdgb2nSIx7RqVhoyynraQ==",
      "license": "MIT",
      "peer": true,
      "dependencies": {
        "tslib": "^2.3.0"
      },
      "engines": {
        "node": "^20.19.0 || ^22.12.0 || >=24.0.0"
      },
      "peerDependencies": {
        "@angular/compiler": "21.0.1",
        "rxjs": "^6.5.3 || ^7.4.0",
        "zone.js": "~0.15.0 || ~0.16.0"
      },
      "peerDependenciesMeta": {
        "@angular/compiler": {
          "optional": true
        },
        "zone.js": {
          "optional": true
        }
      }
    },
    "node_modules/leaflet": {
      "version": "1.9.3",
      "resolved": "https://registry.npmjs.org/leaflet/-/leaflet-1.9.3.tgz",
      "integrity": "sha512-iB2cR9vAkDOu5l3HAay2obcUHZ7xwUBBjph8+PGtmW/2lYhbLizWtG7nTeYht36WfOslixQF9D/uSIzhZgGMfQ==",
      "peer": true
    },
    "node_modules/rxjs": {
      "version": "7.8.2",
      "resolved": "https://registry.npmjs.org/rxjs/-/rxjs-7.8.2.tgz",
      "integrity": "sha512-dhKf903U/PQZY6boNNtAGdWbG85WAbjT/1xYoZIC7FAY0yWapOBQVsVrDl58W86//e1VpMNBtRV4MaXfdMySFA==",
      "license": "Apache-2.0",
      "peer": true,
      "dependencies": {
        "tslib": "^2.1.0"
      }
    },
    "node_modules/tslib": {
      "version": "2.8.1",
      "resolved": "https://registry.npmjs.org/tslib/-/tslib-2.8.1.tgz",
      "integrity": "sha512-oJFu94HQb+KVduSUQL7wnpmqnfmLsOA/nAh6b6EH0wCEoK0/mPeXU6c3wKDV83MkOuHPRHtSXKKU99IBazS/2w==",
      "license": "0BSD"
    }
  }
}
